
Microsoft Visual Studio Solution File, Format Version 12.00
# Visual Studio Version 16
VisualStudioVersion = 16.0.29521.150
MinimumVisualStudioVersion = 10.0.40219.1
Project("{8BC9CEB8-8B4A-11D0-8D11-00A0C91BC942}") = "Atlas", "Atlas\Atlas.vcxproj", "{ED590EDF-0E59-4AD0-B193-6B25A9934245}"
EndProject
Project("{2150E333-8FDC-42A3-9474-1A3956D46DE8}") = "Apps", "Apps", "{0F65C818-20E9-4A36-B51C-07A8C86FE995}"
EndProject
Project("{2150E333-8FDC-42A3-9474-1A3956D46DE8}") = "Renderer", "Renderer", "{FA55A7D9-472A-4A5D-8CAA-9A3DEECE1320}"
EndProject
Project("{8BC9CEB8-8B4A-11D0-8D11-00A0C91BC942}") = "RayTracingInOneWeekend", "RayTracingInOneWeekend\RayTracingInOneWeekend.vcxproj", "{FE3B865C-B2D3-411B-96E0-0CC00E9CDE5C}"
EndProject
Project("{8BC9CEB8-8B4A-11D0-8D11-00A0C91BC942}") = "AtlasExtOidn", "AtlasExtOidn\AtlasExtOidn.vcxproj", "{DAA25FD1-A366-4A53-AF62-E6415063277C}"
EndProject
Project("{8BC9CEB8-8B4A-11D0-8D11-00A0C91BC942}") = "RayTracingTheNextWeekend", "RayTracingTheNextWeekend\RayTracingTheNextWeekend.vcxproj", "{47187199-572D-4C1C-83AA-A12DAF56ECC5}"
EndProject
Global
	GlobalSection(SolutionConfigurationPlatforms) = preSolution
		Debug|x64 = Debug|x64
		Debug|x86 = Debug|x86
		Release|x64 = Release|x64
		Release|x86 = Release|x86
	EndGlobalSection
	GlobalSection(ProjectConfigurationPlatforms) = postSolution
		{ED590EDF-0E59-4AD0-B193-6B25A9934245}.Debug|x64.ActiveCfg = Debug|x64
		{ED590EDF-0E59-4AD0-B193-6B25A9934245}.Debug|x64.Build.0 = Debug|x64
		{ED590EDF-0E59-4AD0-B193-6B25A9934245}.Debug|x86.ActiveCfg = Debug|Win32
		{ED590EDF-0E59-4AD0-B193-6B25A9934245}.Debug|x86.Build.0 = Debug|Win32
		{ED590EDF-0E59-4AD0-B193-6B25A9934245}.Release|x64.ActiveCfg = Release|x64
		{ED590EDF-0E59-4AD0-B193-6B25A9934245}.Release|x64.Build.0 = Release|x64
		{ED590EDF-0E59-4AD0-B193-6B25A9934245}.Release|x86.ActiveCfg = Release|Win32
		{ED590EDF-0E59-4AD0-B193-6B25A9934245}.Release|x86.Build.0 = Release|Win32
		{FE3B865C-B2D3-411B-96E0-0CC00E9CDE5C}.Debug|x64.ActiveCfg = Debug|x64
		{FE3B865C-B2D3-411B-96E0-0CC00E9CDE5C}.Debug|x64.Build.0 = Debug|x64
		{FE3B865C-B2D3-411B-96E0-0CC00E9CDE5C}.Debug|x86.ActiveCfg = Debug|Win32
		{FE3B865C-B2D3-411B-96E0-0CC00E9CDE5C}.Debug|x86.Build.0 = Debug|Win32
		{FE3B865C-B2D3-411B-96E0-0CC00E9CDE5C}.Release|x64.ActiveCfg = Release|x64
		{FE3B865C-B2D3-411B-96E0-0CC00E9CDE5C}.Release|x64.Build.0 = Release|x64
		{FE3B865C-B2D3-411B-96E0-0CC00E9CDE5C}.Release|x86.ActiveCfg = Release|Win32
		{FE3B865C-B2D3-411B-96E0-0CC00E9CDE5C}.Release|x86.Build.0 = Release|Win32
		{DAA25FD1-A366-4A53-AF62-E6415063277C}.Debug|x64.ActiveCfg = Debug|x64
		{DAA25FD1-A366-4A53-AF62-E6415063277C}.Debug|x64.Build.0 = Debug|x64
		{DAA25FD1-A366-4A53-AF62-E6415063277C}.Debug|x86.ActiveCfg = Debug|Win32
		{DAA25FD1-A366-4A53-AF62-E6415063277C}.Debug|x86.Build.0 = Debug|Win32
		{DAA25FD1-A366-4A53-AF62-E6415063277C}.Release|x64.ActiveCfg = Release|x64
		{DAA25FD1-A366-4A53-AF62-E6415063277C}.Release|x64.Build.0 = Release|x64
		{DAA25FD1-A366-4A53-AF62-E6415063277C}.Release|x86.ActiveCfg = Release|Win32
		{DAA25FD1-A366-4A53-AF62-E6415063277C}.Release|x86.Build.0 = Release|Win32
		{47187199-572D-4C1C-83AA-A12DAF56ECC5}.Debug|x64.ActiveCfg = Debug|x64
		{47187199-572D-4C1C-83AA-A12DAF56ECC5}.Debug|x64.Build.0 = Debug|x64
		{47187199-572D-4C1C-83AA-A12DAF56ECC5}.Debug|x86.ActiveCfg = Debug|Win32
		{47187199-572D-4C1C-83AA-A12DAF56ECC5}.Debug|x86.Build.0 = Debug|Win32
		{47187199-572D-4C1C-83AA-A12DAF56ECC5}.Release|x64.ActiveCfg = Release|x64
		{47187199-572D-4C1C-83AA-A12DAF56ECC5}.Release|x64.Build.0 = Release|x64
		{47187199-572D-4C1C-83AA-A12DAF56ECC5}.Release|x86.ActiveCfg = Release|Win32
		{47187199-572D-4C1C-83AA-A12DAF56ECC5}.Release|x86.Build.0 = Release|Win32
	EndGlobalSection
	GlobalSection(SolutionProperties) = preSolution
		HideSolutionNode = FALSE
	EndGlobalSection
	GlobalSection(NestedProjects) = preSolution
		{ED590EDF-0E59-4AD0-B193-6B25A9934245} = {FA55A7D9-472A-4A5D-8CAA-9A3DEECE1320}
		{FE3B865C-B2D3-411B-96E0-0CC00E9CDE5C} = {0F65C818-20E9-4A36-B51C-07A8C86FE995}
		{DAA25FD1-A366-4A53-AF62-E6415063277C} = {FA55A7D9-472A-4A5D-8CAA-9A3DEECE1320}
		{47187199-572D-4C1C-83AA-A12DAF56ECC5} = {0F65C818-20E9-4A36-B51C-07A8C86FE995}
	EndGlobalSection
	GlobalSection(ExtensibilityGlobals) = postSolution
		SolutionGuid = {081D47BE-BBF1-4DB1-AF4F-5E703912B136}
	EndGlobalSection
EndGlobal
