<?xml version="1.0" encoding="utf-8"?>
<Project ToolsVersion="4.0" xmlns="http://schemas.microsoft.com/developer/msbuild/2003">
  <ItemGroup>
    <Filter Include="Source Files">
      <UniqueIdentifier>{4FC737F1-C7A5-4376-A066-2A32D752A2FF}</UniqueIdentifier>
      <Extensions>cpp;c;cc;cxx;c++;cppm;ixx;def;odl;idl;hpj;bat;asm;asmx</Extensions>
    </Filter>
    <Filter Include="Header Files">
      <UniqueIdentifier>{93995380-89BD-4b04-88EB-625FBE52EBFB}</UniqueIdentifier>
      <Extensions>h;hh;hpp;hxx;h++;hm;inl;inc;ipp;xsd</Extensions>
    </Filter>
    <Filter Include="Resource Files">
      <UniqueIdentifier>{67DA6AB6-F800-4c08-8B7A-83BB121AAD01}</UniqueIdentifier>
      <Extensions>rc;ico;cur;bmp;dlg;rc2;rct;bin;rgs;gif;jpg;jpeg;jpe;resx;tiff;tif;png;wav;mfcribbon-ms</Extensions>
    </Filter>
    <Filter Include="dll">
      <UniqueIdentifier>{a9504cbc-8816-487c-8e10-dc7b6769a330}</UniqueIdentifier>
    </Filter>
    <Filter Include="Clean">
      <UniqueIdentifier>{8f4a88a3-50a0-402b-a389-71d4a42d8dac}</UniqueIdentifier>
    </Filter>
  </ItemGroup>
  <ItemGroup>
    <ClInclude Include="pch.h">
      <Filter>dll</Filter>
    </ClInclude>
    <ClInclude Include="framework.h">
      <Filter>dll</Filter>
    </ClInclude>
    <ClInclude Include="Acheron.h">
      <Filter>Header Files</Filter>
    </ClInclude>
    <ClInclude Include="utils.h">
      <Filter>Header Files</Filter>
    </ClInclude>
    <ClInclude Include="CompactRay.h">
      <Filter>Header Files</Filter>
    </ClInclude>
    <ClInclude Include="LocalBins.h">
      <Filter>Header Files</Filter>
    </ClInclude>
    <ClInclude Include="GlobalBins.h">
      <Filter>Header Files</Filter>
    </ClInclude>
    <ClInclude Include="BinFile.h">
      <Filter>Header Files</Filter>
    </ClInclude>
    <ClInclude Include="Telemetry.h">
      <Filter>Header Files</Filter>
    </ClInclude>
    <ClInclude Include="BatchManager.h">
      <Filter>Header Files</Filter>
    </ClInclude>
    <ClInclude Include="BinSize.h">
      <Filter>Header Files</Filter>
    </ClInclude>
    <ClInclude Include="RayPack.h">
      <Filter>Header Files</Filter>
    </ClInclude>
    <ClInclude Include="BoundingCone.h">
      <Filter>Header Files</Filter>
    </ClInclude>
    <ClInclude Include="Acceleration.h">
      <Filter>Header Files</Filter>
    </ClInclude>
    <ClInclude Include="Bound.h">
      <Filter>Header Files</Filter>
    </ClInclude>
    <ClInclude Include="Hitable.h">
      <Filter>Header Files</Filter>
    </ClInclude>
    <ClInclude Include="Shape.h">
      <Filter>Header Files</Filter>
    </ClInclude>
    <ClInclude Include="Sphere.h">
      <Filter>Header Files</Filter>
    </ClInclude>
    <ClInclude Include="Cone.h">
      <Filter>Header Files</Filter>
    </ClInclude>
    <ClInclude Include="Scene.h">
      <Filter>Header Files</Filter>
    </ClInclude>
    <ClInclude Include="HitRecord.h">
      <Filter>Header Files</Filter>
    </ClInclude>
    <ClInclude Include="ConeIntersection.h">
      <Filter>Header Files</Filter>
    </ClInclude>
    <ClInclude Include="TaskScheduler.h">
      <Filter>Clean</Filter>
    </ClInclude>
    <ClInclude Include="ThreadTask.h">
      <Filter>Clean</Filter>
    </ClInclude>
  </ItemGroup>
  <ItemGroup>
    <ClCompile Include="dllmain.cpp">
      <Filter>dll</Filter>
    </ClCompile>
    <ClCompile Include="pch.cpp">
      <Filter>dll</Filter>
    </ClCompile>
    <ClCompile Include="Acheron.cpp">
      <Filter>Source Files</Filter>
    </ClCompile>
    <ClCompile Include="LocalBins.cpp">
      <Filter>Source Files</Filter>
    </ClCompile>
    <ClCompile Include="GlobalBins.cpp">
      <Filter>Source Files</Filter>
    </ClCompile>
    <ClCompile Include="BinFile.cpp">
      <Filter>Source Files</Filter>
    </ClCompile>
    <ClCompile Include="Telemetry.cpp">
      <Filter>Source Files</Filter>
    </ClCompile>
    <ClCompile Include="utils.cpp">
      <Filter>Source Files</Filter>
    </ClCompile>
    <ClCompile Include="BatchManager.cpp">
      <Filter>Source Files</Filter>
    </ClCompile>
    <ClCompile Include="Acceleration.cpp">
      <Filter>Source Files</Filter>
    </ClCompile>
    <ClCompile Include="Bound.cpp">
      <Filter>Source Files</Filter>
    </ClCompile>
    <ClCompile Include="TaskScheduler.cpp">
      <Filter>Clean</Filter>
    </ClCompile>
  </ItemGroup>
</Project>