<?xml version="1.0" encoding="utf-8"?>
<Project ToolsVersion="4.0" xmlns="http://schemas.microsoft.com/developer/msbuild/2003">
  <ItemGroup>
    <Filter Include="Source Files">
      <UniqueIdentifier>{4FC737F1-C7A5-4376-A066-2A32D752A2FF}</UniqueIdentifier>
      <Extensions>cpp;c;cc;cxx;c++;cppm;ixx;def;odl;idl;hpj;bat;asm;asmx</Extensions>
    </Filter>
    <Filter Include="Header Files">
      <UniqueIdentifier>{93995380-89BD-4b04-88EB-625FBE52EBFB}</UniqueIdentifier>
      <Extensions>h;hh;hpp;hxx;h++;hm;inl;inc;ipp;xsd</Extensions>
    </Filter>
    <Filter Include="Header Files\shape">
      <UniqueIdentifier>{18feaad3-9b33-4e99-9b4d-2f42e9bf3788}</UniqueIdentifier>
    </Filter>
    <Filter Include="Header Files\primitive">
      <UniqueIdentifier>{2f766a87-e7a7-49d2-9b5f-690b86f14203}</UniqueIdentifier>
    </Filter>
    <Filter Include="Header Files\Materials">
      <UniqueIdentifier>{0bdd19f5-f391-4df7-9046-53f12cc5c990}</UniqueIdentifier>
    </Filter>
    <Filter Include="Header Files\Camera">
      <UniqueIdentifier>{3512482b-6e8d-417e-bce0-52d8de32811d}</UniqueIdentifier>
    </Filter>
    <Filter Include="Header Files\core">
      <UniqueIdentifier>{64a6c694-05de-44a7-9316-0f3eca7cda05}</UniqueIdentifier>
    </Filter>
    <Filter Include="Header Files\simd">
      <UniqueIdentifier>{820db56d-41b8-4014-8d85-503c74e07a1e}</UniqueIdentifier>
    </Filter>
    <Filter Include="Header Files\utils">
      <UniqueIdentifier>{14e2e249-7864-4e1c-8443-696f1b1ceab5}</UniqueIdentifier>
    </Filter>
  </ItemGroup>
  <ItemGroup>
    <ClInclude Include="includes\Atlas\core\Material.h">
      <Filter>Header Files\core</Filter>
    </ClInclude>
    <ClInclude Include="includes\Atlas\core\Primitive.h">
      <Filter>Header Files\core</Filter>
    </ClInclude>
    <ClInclude Include="includes\Atlas\core\Shape.h">
      <Filter>Header Files\core</Filter>
    </ClInclude>
    <ClInclude Include="includes\Atlas\Atlas.h">
      <Filter>Header Files</Filter>
    </ClInclude>
    <ClInclude Include="includes\Atlas\primitives\GeometricPrimitive.h">
      <Filter>Header Files\primitive</Filter>
    </ClInclude>
    <ClInclude Include="includes\Atlas\primitives\Aggregate.h">
      <Filter>Header Files\primitive</Filter>
    </ClInclude>
    <ClInclude Include="includes\Atlas\shapes\Sphere.h">
      <Filter>Header Files\shape</Filter>
    </ClInclude>
    <ClInclude Include="includes\Atlas\core\Bounds.h">
      <Filter>Header Files\utils</Filter>
    </ClInclude>
    <ClInclude Include="includes\Atlas\core\Math.h">
      <Filter>Header Files\utils</Filter>
    </ClInclude>
    <ClInclude Include="includes\Atlas\core\Matrix4x4.h">
      <Filter>Header Files\utils</Filter>
    </ClInclude>
    <ClInclude Include="includes\Atlas\core\Points.h">
      <Filter>Header Files\utils</Filter>
    </ClInclude>
    <ClInclude Include="includes\Atlas\core\Transform.h">
      <Filter>Header Files\utils</Filter>
    </ClInclude>
    <ClInclude Include="includes\Atlas\core\Vectors.h">
      <Filter>Header Files\utils</Filter>
    </ClInclude>
    <ClInclude Include="includes\Atlas\core\simd\Simd.h">
      <Filter>Header Files\simd</Filter>
    </ClInclude>
    <ClInclude Include="includes\Atlas\core\simd\SPoints.h">
      <Filter>Header Files\simd</Filter>
    </ClInclude>
    <ClInclude Include="includes\Atlas\core\simd\SRay.h">
      <Filter>Header Files\simd</Filter>
    </ClInclude>
    <ClInclude Include="includes\Atlas\core\simd\SSurfaceInteraction.h">
      <Filter>Header Files\simd</Filter>
    </ClInclude>
    <ClInclude Include="includes\Atlas\core\simd\SVectors.h">
      <Filter>Header Files\simd</Filter>
    </ClInclude>
    <ClInclude Include="includes\Atlas\core\Ray.h">
      <Filter>Header Files\core</Filter>
    </ClInclude>
    <ClInclude Include="includes\Atlas\core\Logging.h">
      <Filter>Header Files\core</Filter>
    </ClInclude>
    <ClInclude Include="includes\Atlas\core\Camera.h">
      <Filter>Header Files\core</Filter>
    </ClInclude>
    <ClInclude Include="includes\Atlas\cameras\PerspectiveCamera.h">
      <Filter>Header Files\Camera</Filter>
    </ClInclude>
    <ClInclude Include="includes\Atlas\core\Random.h">
      <Filter>Header Files\utils</Filter>
    </ClInclude>
    <ClInclude Include="includes\Atlas\core\Sampler.h">
      <Filter>Header Files\core</Filter>
    </ClInclude>
    <ClInclude Include="includes\Atlas\core\Film.h">
      <Filter>Header Files\core</Filter>
    </ClInclude>
    <ClInclude Include="includes\Atlas\core\BxDF.h">
      <Filter>Header Files\core</Filter>
    </ClInclude>
    <ClInclude Include="includes\Atlas\core\Microfacet.h">
      <Filter>Header Files\core</Filter>
    </ClInclude>
    <ClInclude Include="includes\Atlas\core\Reflection.h">
      <Filter>Header Files\core</Filter>
    </ClInclude>
    <ClInclude Include="includes\Atlas\core\BSDF.h">
      <Filter>Header Files\core</Filter>
    </ClInclude>
    <ClInclude Include="includes\Atlas\core\Interaction.h">
      <Filter>Header Files\core</Filter>
    </ClInclude>
    <ClInclude Include="includes\Atlas\materials\Metal.h">
      <Filter>Header Files\Materials</Filter>
    </ClInclude>
    <ClInclude Include="includes\Atlas\materials\Glass.h">
      <Filter>Header Files\Materials</Filter>
    </ClInclude>
    <ClInclude Include="includes\Atlas\core\Texture.h">
      <Filter>Header Files\core</Filter>
    </ClInclude>
    <ClInclude Include="includes\Atlas\core\Filter.h">
      <Filter>Header Files\core</Filter>
    </ClInclude>
    <ClInclude Include="includes\Atlas\core\ImageIO.h">
      <Filter>Header Files\core</Filter>
    </ClInclude>
    <ClInclude Include="includes\Atlas\AtlasLibHeader.h">
      <Filter>Header Files</Filter>
    </ClInclude>
    <ClInclude Include="includes\Atlas\core\Medium.h">
      <Filter>Header Files\core</Filter>
    </ClInclude>
    <ClInclude Include="includes\Atlas\primitives\BvhAccel.h">
      <Filter>Header Files\primitive</Filter>
    </ClInclude>
    <ClInclude Include="includes\Atlas\core\EFloat.h">
      <Filter>Header Files\utils</Filter>
    </ClInclude>
    <ClInclude Include="includes\Atlas\core\Geometry.h">
      <Filter>Header Files\utils</Filter>
    </ClInclude>
    <ClInclude Include="includes\Atlas\core\RgbSpectrum.h">
      <Filter>Header Files\utils</Filter>
    </ClInclude>
    <ClInclude Include="includes\Atlas\core\Sampling.h">
      <Filter>Header Files\utils</Filter>
    </ClInclude>
    <ClInclude Include="includes\Atlas\core\simd\SRgbSpectrum.h">
      <Filter>Header Files\simd</Filter>
    </ClInclude>
    <ClInclude Include="includes\Atlas\core\Payload.h">
      <Filter>Header Files\core</Filter>
    </ClInclude>
    <ClInclude Include="includes\Atlas\core\Batch.h">
      <Filter>Header Files\core</Filter>
    </ClInclude>
    <ClInclude Include="includes\Atlas\core\ConeBoxIntersection.h">
      <Filter>Header Files\utils</Filter>
    </ClInclude>
    <ClInclude Include="includes\Atlas\core\Telemetry.h">
      <Filter>Header Files\core</Filter>
    </ClInclude>
    <ClInclude Include="includes\Atlas\core\Block.h">
      <Filter>Header Files\core</Filter>
    </ClInclude>
    <ClInclude Include="includes\Atlas\core\FilmIterator.h">
      <Filter>Header Files\core</Filter>
    </ClInclude>
    <ClInclude Include="includes\Atlas\core\TriangleMesh.h">
      <Filter>Header Files\core</Filter>
    </ClInclude>
    <ClInclude Include="includes\Atlas\shapes\Triangle.h">
      <Filter>Header Files\shape</Filter>
    </ClInclude>
    <ClInclude Include="includes\Atlas\core\Light.h">
      <Filter>Header Files\core</Filter>
    </ClInclude>
  </ItemGroup>
  <ItemGroup>
    <ClCompile Include="sources\BvhAccel.cpp">
      <Filter>Source Files</Filter>
    </ClCompile>
    <ClCompile Include="sources\Sphere.cpp">
      <Filter>Source Files</Filter>
    </ClCompile>
    <ClCompile Include="sources\GeometricPrimitive.cpp">
      <Filter>Source Files</Filter>
    </ClCompile>
    <ClCompile Include="sources\Metal.cpp">
      <Filter>Source Files</Filter>
    </ClCompile>
    <ClCompile Include="sources\Glass.cpp">
      <Filter>Source Files</Filter>
    </ClCompile>
    <ClCompile Include="sources\PerspectiveCamera.cpp">
      <Filter>Source Files</Filter>
    </ClCompile>
    <ClCompile Include="sources\Texture.cpp">
      <Filter>Source Files</Filter>
    </ClCompile>
    <ClCompile Include="sources\Shape.cpp">
      <Filter>Source Files</Filter>
    </ClCompile>
    <ClCompile Include="sources\Sampling.cpp">
      <Filter>Source Files</Filter>
    </ClCompile>
    <ClCompile Include="sources\Sampler.cpp">
      <Filter>Source Files</Filter>
    </ClCompile>
    <ClCompile Include="sources\Reflection.cpp">
      <Filter>Source Files</Filter>
    </ClCompile>
    <ClCompile Include="sources\Microfacet.cpp">
      <Filter>Source Files</Filter>
    </ClCompile>
    <ClCompile Include="sources\Medium.cpp">
      <Filter>Source Files</Filter>
    </ClCompile>
    <ClCompile Include="sources\Interaction.cpp">
      <Filter>Source Files</Filter>
    </ClCompile>
    <ClCompile Include="sources\Film.cpp">
      <Filter>Source Files</Filter>
    </ClCompile>
    <ClCompile Include="sources\Camera.cpp">
      <Filter>Source Files</Filter>
    </ClCompile>
    <ClCompile Include="sources\Random.cpp">
      <Filter>Source Files</Filter>
    </ClCompile>
    <ClCompile Include="sources\Matrix4x4.cpp">
      <Filter>Source Files</Filter>
    </ClCompile>
    <ClCompile Include="sources\ConeBoxIntersection.cpp">
      <Filter>Source Files</Filter>
    </ClCompile>
    <ClCompile Include="sources\Telemetry.cpp">
      <Filter>Source Files</Filter>
    </ClCompile>
    <ClCompile Include="sources\FilmIterator.cpp">
      <Filter>Source Files</Filter>
    </ClCompile>
    <ClCompile Include="sources\Triangle.cpp">
      <Filter>Source Files</Filter>
    </ClCompile>
    <ClCompile Include="sources\Light.cpp">
      <Filter>Source Files</Filter>
    </ClCompile>
  </ItemGroup>
</Project>