<?xml version="1.0" encoding="utf-8"?>
<Project ToolsVersion="4.0" xmlns="http://schemas.microsoft.com/developer/msbuild/2003">
  <ItemGroup>
    <Filter Include="Fichiers sources">
      <UniqueIdentifier>{4FC737F1-C7A5-4376-A066-2A32D752A2FF}</UniqueIdentifier>
      <Extensions>cpp;c;cc;cxx;c++;def;odl;idl;hpj;bat;asm;asmx</Extensions>
    </Filter>
    <Filter Include="Fichiers d%27en-tête">
      <UniqueIdentifier>{93995380-89BD-4b04-88EB-625FBE52EBFB}</UniqueIdentifier>
      <Extensions>h;hh;hpp;hxx;h++;hm;inl;inc;ipp;xsd</Extensions>
    </Filter>
    <Filter Include="Fichiers de ressources">
      <UniqueIdentifier>{67DA6AB6-F800-4c08-8B7A-83BB121AAD01}</UniqueIdentifier>
      <Extensions>rc;ico;cur;bmp;dlg;rc2;rct;bin;rgs;gif;jpg;jpeg;jpe;resx;tiff;tif;png;wav;mfcribbon-ms</Extensions>
    </Filter>
    <Filter Include="dll">
      <UniqueIdentifier>{612eeca5-51c5-4c64-ab80-e637e116dc6a}</UniqueIdentifier>
    </Filter>
    <Filter Include="Fichiers d%27en-tête\Rendering">
      <UniqueIdentifier>{31df2be6-5961-4aa9-b4f5-d51c92de1929}</UniqueIdentifier>
    </Filter>
    <Filter Include="Fichiers sources\Rendering">
      <UniqueIdentifier>{5fcff1b8-5090-4a4f-9552-f693526cee8b}</UniqueIdentifier>
    </Filter>
  </ItemGroup>
  <ItemGroup>
    <ClInclude Include="pch.h">
      <Filter>dll</Filter>
    </ClInclude>
    <ClInclude Include="includes\Atlas\Bound.h">
      <Filter>Fichiers d%27en-tête</Filter>
    </ClInclude>
    <ClInclude Include="includes\Atlas\Camera.h">
      <Filter>Fichiers d%27en-tête</Filter>
    </ClInclude>
    <ClInclude Include="includes\Atlas\Hitable.h">
      <Filter>Fichiers d%27en-tête</Filter>
    </ClInclude>
    <ClInclude Include="includes\Atlas\Material.h">
      <Filter>Fichiers d%27en-tête</Filter>
    </ClInclude>
    <ClInclude Include="includes\Atlas\Scene.h">
      <Filter>Fichiers d%27en-tête</Filter>
    </ClInclude>
    <ClInclude Include="includes\Atlas\Shape.h">
      <Filter>Fichiers d%27en-tête</Filter>
    </ClInclude>
    <ClInclude Include="includes\Atlas\rendering\Acceleration.h">
      <Filter>Fichiers d%27en-tête\Rendering</Filter>
    </ClInclude>
    <ClInclude Include="includes\Atlas\rendering\HitRecord.h">
      <Filter>Fichiers d%27en-tête\Rendering</Filter>
    </ClInclude>
    <ClInclude Include="includes\Atlas\rendering\Ray.h">
      <Filter>Fichiers d%27en-tête\Rendering</Filter>
    </ClInclude>
    <ClInclude Include="includes\Atlas\rendering\Session.h">
      <Filter>Fichiers d%27en-tête\Rendering</Filter>
    </ClInclude>
    <ClInclude Include="includes\Atlas\rendering\Texel.h">
      <Filter>Fichiers d%27en-tête\Rendering</Filter>
    </ClInclude>
    <ClInclude Include="includes\Atlas\Buffer.h">
      <Filter>Fichiers d%27en-tête</Filter>
    </ClInclude>
    <ClInclude Include="includes\Atlas\Chronometer.h">
      <Filter>Fichiers d%27en-tête</Filter>
    </ClInclude>
    <ClInclude Include="includes\Atlas\Tools.h">
      <Filter>Fichiers d%27en-tête</Filter>
    </ClInclude>
    <ClInclude Include="includes\Atlas\Sphere.h">
      <Filter>Fichiers d%27en-tête</Filter>
    </ClInclude>
    <ClInclude Include="includes\Atlas\MaterialInput.h">
      <Filter>Fichiers d%27en-tête</Filter>
    </ClInclude>
    <ClInclude Include="includes\Atlas\Texture.h">
      <Filter>Fichiers d%27en-tête</Filter>
    </ClInclude>
    <ClInclude Include="includes\Atlas\Rect.h">
      <Filter>Fichiers d%27en-tête</Filter>
    </ClInclude>
    <ClInclude Include="includes\Atlas\Box.h">
      <Filter>Fichiers d%27en-tête</Filter>
    </ClInclude>
    <ClInclude Include="includes\Atlas\Simd.h">
      <Filter>Fichiers d%27en-tête</Filter>
    </ClInclude>
  </ItemGroup>
  <ItemGroup>
    <ClCompile Include="pch.cpp">
      <Filter>dll</Filter>
    </ClCompile>
    <ClCompile Include="dllmain.cpp">
      <Filter>dll</Filter>
    </ClCompile>
    <ClCompile Include="sources\Bound.cpp">
      <Filter>Fichiers sources</Filter>
    </ClCompile>
    <ClCompile Include="sources\Camera.cpp">
      <Filter>Fichiers sources</Filter>
    </ClCompile>
    <ClCompile Include="sources\rendering\Acceleration.cpp">
      <Filter>Fichiers sources\Rendering</Filter>
    </ClCompile>
    <ClCompile Include="sources\rendering\Session.cpp">
      <Filter>Fichiers sources\Rendering</Filter>
    </ClCompile>
    <ClCompile Include="sources\Buffer.cpp">
      <Filter>Fichiers sources</Filter>
    </ClCompile>
    <ClCompile Include="sources\Chronometer.cpp">
      <Filter>Fichiers sources</Filter>
    </ClCompile>
    <ClCompile Include="sources\Tools.cpp">
      <Filter>Fichiers sources</Filter>
    </ClCompile>
  </ItemGroup>
</Project>